
Microsoft Visual Studio Solution File, Format Version 12.00
# Visual Studio Version 17
VisualStudioVersion = 17.14.36203.30
MinimumVisualStudioVersion = 10.0.40219.1
Project("{FAE04EC0-301F-11D3-BF4B-00C04F79EFBC}") = "NavShieldTracer", "NavShieldTracer\NavShieldTracer.csproj", "{EAEB5D68-65A2-4CF4-8228-0D1C5488D632}"
EndProject
Project("{FAE04EC0-301F-11D3-BF4B-00C04F79EFBC}") = "TesteSoftware", "TesteSoftware\TesteSoftware.csproj", "{B8F3E2A1-7D4C-4E5F-9A6B-1C2D3E4F5A6B}"
EndProject
Project("{2150E333-8FDC-42A3-9474-1A3956D46DE8}") = "Solution Items", "Solution Items", "{C1A2B3C4-D5E6-F7A8-B9C0-D1E2F3A4B5C6}"
	ProjectSection(SolutionItems) = preProject
		README.md = README.md
		TESTE_GUIA.md = TESTE_GUIA.md
		sysmon-config-completa.xml = sysmon-config-completa.xml
		.gitignore = .gitignore
	EndProjectSection
EndProject
Project("{FAE04EC0-301F-11D3-BF4B-00C04F79EFBC}") = "NavShieldTracer.Tests", "NavShieldTracer.Tests\NavShieldTracer.Tests.csproj", "{E4684D1E-403C-4222-B643-E0751688B075}"
EndProject
Global
	GlobalSection(SolutionConfigurationPlatforms) = preSolution
		Debug|Any CPU = Debug|Any CPU
		Debug|x64 = Debug|x64
		Debug|x86 = Debug|x86
		Release|Any CPU = Release|Any CPU
		Release|x64 = Release|x64
		Release|x86 = Release|x86
	EndGlobalSection
	GlobalSection(ProjectConfigurationPlatforms) = postSolution
		{EAEB5D68-65A2-4CF4-8228-0D1C5488D632}.Debug|Any CPU.ActiveCfg = Debug|Any CPU
		{EAEB5D68-65A2-4CF4-8228-0D1C5488D632}.Debug|Any CPU.Build.0 = Debug|Any CPU
		{EAEB5D68-65A2-4CF4-8228-0D1C5488D632}.Debug|x64.ActiveCfg = Debug|Any CPU
		{EAEB5D68-65A2-4CF4-8228-0D1C5488D632}.Debug|x64.Build.0 = Debug|Any CPU
		{EAEB5D68-65A2-4CF4-8228-0D1C5488D632}.Debug|x86.ActiveCfg = Debug|Any CPU
		{EAEB5D68-65A2-4CF4-8228-0D1C5488D632}.Debug|x86.Build.0 = Debug|Any CPU
		{EAEB5D68-65A2-4CF4-8228-0D1C5488D632}.Release|Any CPU.ActiveCfg = Release|Any CPU
		{EAEB5D68-65A2-4CF4-8228-0D1C5488D632}.Release|Any CPU.Build.0 = Release|Any CPU
		{EAEB5D68-65A2-4CF4-8228-0D1C5488D632}.Release|x64.ActiveCfg = Release|Any CPU
		{EAEB5D68-65A2-4CF4-8228-0D1C5488D632}.Release|x64.Build.0 = Release|Any CPU
		{EAEB5D68-65A2-4CF4-8228-0D1C5488D632}.Release|x86.ActiveCfg = Release|Any CPU
		{EAEB5D68-65A2-4CF4-8228-0D1C5488D632}.Release|x86.Build.0 = Release|Any CPU
		{B8F3E2A1-7D4C-4E5F-9A6B-1C2D3E4F5A6B}.Debug|Any CPU.ActiveCfg = Debug|Any CPU
		{B8F3E2A1-7D4C-4E5F-9A6B-1C2D3E4F5A6B}.Debug|Any CPU.Build.0 = Debug|Any CPU
		{B8F3E2A1-7D4C-4E5F-9A6B-1C2D3E4F5A6B}.Debug|x64.ActiveCfg = Debug|Any CPU
		{B8F3E2A1-7D4C-4E5F-9A6B-1C2D3E4F5A6B}.Debug|x64.Build.0 = Debug|Any CPU
		{B8F3E2A1-7D4C-4E5F-9A6B-1C2D3E4F5A6B}.Debug|x86.ActiveCfg = Debug|Any CPU
		{B8F3E2A1-7D4C-4E5F-9A6B-1C2D3E4F5A6B}.Debug|x86.Build.0 = Debug|Any CPU
		{B8F3E2A1-7D4C-4E5F-9A6B-1C2D3E4F5A6B}.Release|Any CPU.ActiveCfg = Release|Any CPU
		{B8F3E2A1-7D4C-4E5F-9A6B-1C2D3E4F5A6B}.Release|Any CPU.Build.0 = Release|Any CPU
		{B8F3E2A1-7D4C-4E5F-9A6B-1C2D3E4F5A6B}.Release|x64.ActiveCfg = Release|Any CPU
		{B8F3E2A1-7D4C-4E5F-9A6B-1C2D3E4F5A6B}.Release|x64.Build.0 = Release|Any CPU
		{B8F3E2A1-7D4C-4E5F-9A6B-1C2D3E4F5A6B}.Release|x86.ActiveCfg = Release|Any CPU
		{B8F3E2A1-7D4C-4E5F-9A6B-1C2D3E4F5A6B}.Release|x86.Build.0 = Release|Any CPU
		{E4684D1E-403C-4222-B643-E0751688B075}.Debug|Any CPU.ActiveCfg = Debug|Any CPU
		{E4684D1E-403C-4222-B643-E0751688B075}.Debug|Any CPU.Build.0 = Debug|Any CPU
		{E4684D1E-403C-4222-B643-E0751688B075}.Debug|x64.ActiveCfg = Debug|Any CPU
		{E4684D1E-403C-4222-B643-E0751688B075}.Debug|x64.Build.0 = Debug|Any CPU
		{E4684D1E-403C-4222-B643-E0751688B075}.Debug|x86.ActiveCfg = Debug|Any CPU
		{E4684D1E-403C-4222-B643-E0751688B075}.Debug|x86.Build.0 = Debug|Any CPU
		{E4684D1E-403C-4222-B643-E0751688B075}.Release|Any CPU.ActiveCfg = Release|Any CPU
		{E4684D1E-403C-4222-B643-E0751688B075}.Release|Any CPU.Build.0 = Release|Any CPU
		{E4684D1E-403C-4222-B643-E0751688B075}.Release|x64.ActiveCfg = Release|Any CPU
		{E4684D1E-403C-4222-B643-E0751688B075}.Release|x64.Build.0 = Release|Any CPU
		{E4684D1E-403C-4222-B643-E0751688B075}.Release|x86.ActiveCfg = Release|Any CPU
		{E4684D1E-403C-4222-B643-E0751688B075}.Release|x86.Build.0 = Release|Any CPU
	EndGlobalSection
	GlobalSection(SolutionProperties) = preSolution
		HideSolutionNode = FALSE
	EndGlobalSection
	GlobalSection(ExtensibilityGlobals) = postSolution
		SolutionGuid = {28659E9F-63D4-45CB-B169-3866EB44D543}
	EndGlobalSection
EndGlobal
